
Microsoft Visual Studio Solution File, Format Version 12.00
# Visual Studio Version 16
VisualStudioVersion = 16.0.31729.503
MinimumVisualStudioVersion = 10.0.40219.1
Project("{FAE04EC0-301F-11D3-BF4B-00C04F79EFBC}") = "FactoryCalisma", "FactoryCalisma\FactoryCalisma.csproj", "{F02108C9-E1F8-4D30-AD67-92ABB6599B8C}"
EndProject
Global
	GlobalSection(SolutionConfigurationPlatforms) = preSolution
		Debug|Any CPU = Debug|Any CPU
		Release|Any CPU = Release|Any CPU
	EndGlobalSection
	GlobalSection(ProjectConfigurationPlatforms) = postSolution
		{F02108C9-E1F8-4D30-AD67-92ABB6599B8C}.Debug|Any CPU.ActiveCfg = Debug|Any CPU
		{F02108C9-E1F8-4D30-AD67-92ABB6599B8C}.Debug|Any CPU.Build.0 = Debug|Any CPU
		{F02108C9-E1F8-4D30-AD67-92ABB6599B8C}.Release|Any CPU.ActiveCfg = Release|Any CPU
		{F02108C9-E1F8-4D30-AD67-92ABB6599B8C}.Release|Any CPU.Build.0 = Release|Any CPU
	EndGlobalSection
	GlobalSection(SolutionProperties) = preSolution
		HideSolutionNode = FALSE
	EndGlobalSection
	GlobalSection(ExtensibilityGlobals) = postSolution
		SolutionGuid = {3B42B5E2-0ECE-42B4-AD2F-3C8C02C7D4D4}
	EndGlobalSection
EndGlobal
